// !$*UTF8*$!
{
	archiveVersion = 1;
	classes = {
	};
	objectVersion = 56;
	objects = {

/* Begin PBXBuildFile section */
		F700057F2BC7897400E52C2B /* TipCalculatorTDDApp.swift in Sources */ = {isa = PBXBuildFile; fileRef = F700057E2BC7897400E52C2B /* TipCalculatorTDDApp.swift */; };
		F70005832BC7897700E52C2B /* Assets.xcassets in Resources */ = {isa = PBXBuildFile; fileRef = F70005822BC7897700E52C2B /* Assets.xcassets */; };
		F70005862BC7897700E52C2B /* Preview Assets.xcassets in Resources */ = {isa = PBXBuildFile; fileRef = F70005852BC7897700E52C2B /* Preview Assets.xcassets */; };
		F700058D2BC789BA00E52C2B /* CalculatorView.swift in Sources */ = {isa = PBXBuildFile; fileRef = F700058C2BC789BA00E52C2B /* CalculatorView.swift */; };
		F70005962BC78E4600E52C2B /* TipCalculatorUnitTest.swift in Sources */ = {isa = PBXBuildFile; fileRef = F70005952BC78E4600E52C2B /* TipCalculatorUnitTest.swift */; };
		F700059D2BC7921800E52C2B /* TipCalculator.swift in Sources */ = {isa = PBXBuildFile; fileRef = F700059C2BC7921800E52C2B /* TipCalculator.swift */; };
		F700059E2BC7924800E52C2B /* TipCalculator.swift in Sources */ = {isa = PBXBuildFile; fileRef = F700059C2BC7921800E52C2B /* TipCalculator.swift */; };
		F7D7C2802C3C9824006D2FCB /* TipCalculatorUITests.swift in Sources */ = {isa = PBXBuildFile; fileRef = F7D7C27F2C3C9824006D2FCB /* TipCalculatorUITests.swift */; };
		F7D7C2822C3C9824006D2FCB /* TipCalculatorUITestsLaunchTests.swift in Sources */ = {isa = PBXBuildFile; fileRef = F7D7C2812C3C9824006D2FCB /* TipCalculatorUITestsLaunchTests.swift */; };
/* End PBXBuildFile section */

/* Begin PBXContainerItemProxy section */
		F70005972BC78E4600E52C2B /* PBXContainerItemProxy */ = {
			isa = PBXContainerItemProxy;
			containerPortal = F70005732BC7897400E52C2B /* Project object */;
			proxyType = 1;
			remoteGlobalIDString = F700057A2BC7897400E52C2B;
			remoteInfo = TipCalculatorTDD;
		};
		F7D7C2832C3C9824006D2FCB /* PBXContainerItemProxy */ = {
			isa = PBXContainerItemProxy;
			containerPortal = F70005732BC7897400E52C2B /* Project object */;
			proxyType = 1;
			remoteGlobalIDString = F700057A2BC7897400E52C2B;
			remoteInfo = TipCalculatorTDD;
		};
/* End PBXContainerItemProxy section */

/* Begin PBXFileReference section */
		F700057B2BC7897400E52C2B /* TipCalculatorTDD.app */ = {isa = PBXFileReference; explicitFileType = wrapper.application; includeInIndex = 0; path = TipCalculatorTDD.app; sourceTree = BUILT_PRODUCTS_DIR; };
		F700057E2BC7897400E52C2B /* TipCalculatorTDDApp.swift */ = {isa = PBXFileReference; lastKnownFileType = sourcecode.swift; path = TipCalculatorTDDApp.swift; sourceTree = "<group>"; };
		F70005822BC7897700E52C2B /* Assets.xcassets */ = {isa = PBXFileReference; lastKnownFileType = folder.assetcatalog; path = Assets.xcassets; sourceTree = "<group>"; };
		F70005852BC7897700E52C2B /* Preview Assets.xcassets */ = {isa = PBXFileReference; lastKnownFileType = folder.assetcatalog; path = "Preview Assets.xcassets"; sourceTree = "<group>"; };
		F700058C2BC789BA00E52C2B /* CalculatorView.swift */ = {isa = PBXFileReference; lastKnownFileType = sourcecode.swift; path = CalculatorView.swift; sourceTree = "<group>"; };
		F70005932BC78E4600E52C2B /* TipCalculatorUnitTest.xctest */ = {isa = PBXFileReference; explicitFileType = wrapper.cfbundle; includeInIndex = 0; path = TipCalculatorUnitTest.xctest; sourceTree = BUILT_PRODUCTS_DIR; };
		F70005952BC78E4600E52C2B /* TipCalculatorUnitTest.swift */ = {isa = PBXFileReference; lastKnownFileType = sourcecode.swift; path = TipCalculatorUnitTest.swift; sourceTree = "<group>"; };
		F700059C2BC7921800E52C2B /* TipCalculator.swift */ = {isa = PBXFileReference; lastKnownFileType = sourcecode.swift; path = TipCalculator.swift; sourceTree = "<group>"; };
		F7D7C27D2C3C9824006D2FCB /* TipCalculatorUITests.xctest */ = {isa = PBXFileReference; explicitFileType = wrapper.cfbundle; includeInIndex = 0; path = TipCalculatorUITests.xctest; sourceTree = BUILT_PRODUCTS_DIR; };
		F7D7C27F2C3C9824006D2FCB /* TipCalculatorUITests.swift */ = {isa = PBXFileReference; lastKnownFileType = sourcecode.swift; path = TipCalculatorUITests.swift; sourceTree = "<group>"; };
		F7D7C2812C3C9824006D2FCB /* TipCalculatorUITestsLaunchTests.swift */ = {isa = PBXFileReference; lastKnownFileType = sourcecode.swift; path = TipCalculatorUITestsLaunchTests.swift; sourceTree = "<group>"; };
/* End PBXFileReference section */

/* Begin PBXFrameworksBuildPhase section */
		F70005782BC7897400E52C2B /* Frameworks */ = {
			isa = PBXFrameworksBuildPhase;
			buildActionMask = 2147483647;
			files = (
			);
			runOnlyForDeploymentPostprocessing = 0;
		};
		F70005902BC78E4600E52C2B /* Frameworks */ = {
			isa = PBXFrameworksBuildPhase;
			buildActionMask = 2147483647;
			files = (
			);
			runOnlyForDeploymentPostprocessing = 0;
		};
		F7D7C27A2C3C9824006D2FCB /* Frameworks */ = {
			isa = PBXFrameworksBuildPhase;
			buildActionMask = 2147483647;
			files = (
			);
			runOnlyForDeploymentPostprocessing = 0;
		};
/* End PBXFrameworksBuildPhase section */

/* Begin PBXGroup section */
		F70005722BC7897400E52C2B = {
			isa = PBXGroup;
			children = (
				F700057D2BC7897400E52C2B /* TipCalculatorTDD */,
				F70005942BC78E4600E52C2B /* TipCalculatorUnitTest */,
				F7D7C27E2C3C9824006D2FCB /* TipCalculatorUITests */,
				F700057C2BC7897400E52C2B /* Products */,
			);
			sourceTree = "<group>";
		};
		F700057C2BC7897400E52C2B /* Products */ = {
			isa = PBXGroup;
			children = (
				F700057B2BC7897400E52C2B /* TipCalculatorTDD.app */,
				F70005932BC78E4600E52C2B /* TipCalculatorUnitTest.xctest */,
				F7D7C27D2C3C9824006D2FCB /* TipCalculatorUITests.xctest */,
			);
			name = Products;
			sourceTree = "<group>";
		};
		F700057D2BC7897400E52C2B /* TipCalculatorTDD */ = {
			isa = PBXGroup;
			children = (
				F700058E2BC789C700E52C2B /* Models */,
				F700058C2BC789BA00E52C2B /* CalculatorView.swift */,
				F700057E2BC7897400E52C2B /* TipCalculatorTDDApp.swift */,
				F70005822BC7897700E52C2B /* Assets.xcassets */,
				F70005842BC7897700E52C2B /* Preview Content */,
			);
			path = TipCalculatorTDD;
			sourceTree = "<group>";
		};
		F70005842BC7897700E52C2B /* Preview Content */ = {
			isa = PBXGroup;
			children = (
				F70005852BC7897700E52C2B /* Preview Assets.xcassets */,
			);
			path = "Preview Content";
			sourceTree = "<group>";
		};
		F700058E2BC789C700E52C2B /* Models */ = {
			isa = PBXGroup;
			children = (
				F700059C2BC7921800E52C2B /* TipCalculator.swift */,
			);
			path = Models;
			sourceTree = "<group>";
		};
		F70005942BC78E4600E52C2B /* TipCalculatorUnitTest */ = {
			isa = PBXGroup;
			children = (
				F70005952BC78E4600E52C2B /* TipCalculatorUnitTest.swift */,
			);
			path = TipCalculatorUnitTest;
			sourceTree = "<group>";
		};
		F7D7C27E2C3C9824006D2FCB /* TipCalculatorUITests */ = {
			isa = PBXGroup;
			children = (
				F7D7C27F2C3C9824006D2FCB /* TipCalculatorUITests.swift */,
				F7D7C2812C3C9824006D2FCB /* TipCalculatorUITestsLaunchTests.swift */,
			);
			path = TipCalculatorUITests;
			sourceTree = "<group>";
		};
/* End PBXGroup section */

/* Begin PBXNativeTarget section */
		F700057A2BC7897400E52C2B /* TipCalculatorTDD */ = {
			isa = PBXNativeTarget;
			buildConfigurationList = F70005892BC7897700E52C2B /* Build configuration list for PBXNativeTarget "TipCalculatorTDD" */;
			buildPhases = (
				F70005772BC7897400E52C2B /* Sources */,
				F70005782BC7897400E52C2B /* Frameworks */,
				F70005792BC7897400E52C2B /* Resources */,
			);
			buildRules = (
			);
			dependencies = (
			);
			name = TipCalculatorTDD;
			productName = TipCalculatorTDD;
			productReference = F700057B2BC7897400E52C2B /* TipCalculatorTDD.app */;
			productType = "com.apple.product-type.application";
		};
		F70005922BC78E4600E52C2B /* TipCalculatorUnitTest */ = {
			isa = PBXNativeTarget;
			buildConfigurationList = F70005992BC78E4600E52C2B /* Build configuration list for PBXNativeTarget "TipCalculatorUnitTest" */;
			buildPhases = (
				F700058F2BC78E4600E52C2B /* Sources */,
				F70005902BC78E4600E52C2B /* Frameworks */,
				F70005912BC78E4600E52C2B /* Resources */,
			);
			buildRules = (
			);
			dependencies = (
				F70005982BC78E4600E52C2B /* PBXTargetDependency */,
			);
			name = TipCalculatorUnitTest;
			productName = TipCalculatorUnitTest;
			productReference = F70005932BC78E4600E52C2B /* TipCalculatorUnitTest.xctest */;
			productType = "com.apple.product-type.bundle.unit-test";
		};
		F7D7C27C2C3C9824006D2FCB /* TipCalculatorUITests */ = {
			isa = PBXNativeTarget;
			buildConfigurationList = F7D7C2872C3C9824006D2FCB /* Build configuration list for PBXNativeTarget "TipCalculatorUITests" */;
			buildPhases = (
				F7D7C2792C3C9824006D2FCB /* Sources */,
				F7D7C27A2C3C9824006D2FCB /* Frameworks */,
				F7D7C27B2C3C9824006D2FCB /* Resources */,
			);
			buildRules = (
			);
			dependencies = (
				F7D7C2842C3C9824006D2FCB /* PBXTargetDependency */,
			);
			name = TipCalculatorUITests;
			productName = TipCalculatorUITests;
			productReference = F7D7C27D2C3C9824006D2FCB /* TipCalculatorUITests.xctest */;
			productType = "com.apple.product-type.bundle.ui-testing";
		};
/* End PBXNativeTarget section */

/* Begin PBXProject section */
		F70005732BC7897400E52C2B /* Project object */ = {
			isa = PBXProject;
			attributes = {
				BuildIndependentTargetsInParallel = 1;
				LastSwiftUpdateCheck = 1540;
				LastUpgradeCheck = 1520;
				TargetAttributes = {
					F700057A2BC7897400E52C2B = {
						CreatedOnToolsVersion = 15.2;
					};
					F70005922BC78E4600E52C2B = {
						CreatedOnToolsVersion = 15.2;
						TestTargetID = F700057A2BC7897400E52C2B;
					};
					F7D7C27C2C3C9824006D2FCB = {
						CreatedOnToolsVersion = 15.4;
						TestTargetID = F700057A2BC7897400E52C2B;
					};
				};
			};
			buildConfigurationList = F70005762BC7897400E52C2B /* Build configuration list for PBXProject "TipCalculatorTDD" */;
			compatibilityVersion = "Xcode 14.0";
			developmentRegion = en;
			hasScannedForEncodings = 0;
			knownRegions = (
				en,
				Base,
			);
			mainGroup = F70005722BC7897400E52C2B;
			productRefGroup = F700057C2BC7897400E52C2B /* Products */;
			projectDirPath = "";
			projectRoot = "";
			targets = (
				F700057A2BC7897400E52C2B /* TipCalculatorTDD */,
				F70005922BC78E4600E52C2B /* TipCalculatorUnitTest */,
				F7D7C27C2C3C9824006D2FCB /* TipCalculatorUITests */,
			);
		};
/* End PBXProject section */

/* Begin PBXResourcesBuildPhase section */
		F70005792BC7897400E52C2B /* Resources */ = {
			isa = PBXResourcesBuildPhase;
			buildActionMask = 2147483647;
			files = (
				F70005862BC7897700E52C2B /* Preview Assets.xcassets in Resources */,
				F70005832BC7897700E52C2B /* Assets.xcassets in Resources */,
			);
			runOnlyForDeploymentPostprocessing = 0;
		};
		F70005912BC78E4600E52C2B /* Resources */ = {
			isa = PBXResourcesBuildPhase;
			buildActionMask = 2147483647;
			files = (
			);
			runOnlyForDeploymentPostprocessing = 0;
		};
		F7D7C27B2C3C9824006D2FCB /* Resources */ = {
			isa = PBXResourcesBuildPhase;
			buildActionMask = 2147483647;
			files = (
			);
			runOnlyForDeploymentPostprocessing = 0;
		};
/* End PBXResourcesBuildPhase section */

/* Begin PBXSourcesBuildPhase section */
		F70005772BC7897400E52C2B /* Sources */ = {
			isa = PBXSourcesBuildPhase;
			buildActionMask = 2147483647;
			files = (
				F700059D2BC7921800E52C2B /* TipCalculator.swift in Sources */,
				F700058D2BC789BA00E52C2B /* CalculatorView.swift in Sources */,
				F700057F2BC7897400E52C2B /* TipCalculatorTDDApp.swift in Sources */,
			);
			runOnlyForDeploymentPostprocessing = 0;
		};
		F700058F2BC78E4600E52C2B /* Sources */ = {
			isa = PBXSourcesBuildPhase;
			buildActionMask = 2147483647;
			files = (
				F70005962BC78E4600E52C2B /* TipCalculatorUnitTest.swift in Sources */,
				F700059E2BC7924800E52C2B /* TipCalculator.swift in Sources */,
			);
			runOnlyForDeploymentPostprocessing = 0;
		};
		F7D7C2792C3C9824006D2FCB /* Sources */ = {
			isa = PBXSourcesBuildPhase;
			buildActionMask = 2147483647;
			files = (
				F7D7C2822C3C9824006D2FCB /* TipCalculatorUITestsLaunchTests.swift in Sources */,
				F7D7C2802C3C9824006D2FCB /* TipCalculatorUITests.swift in Sources */,
			);
			runOnlyForDeploymentPostprocessing = 0;
		};
/* End PBXSourcesBuildPhase section */

/* Begin PBXTargetDependency section */
		F70005982BC78E4600E52C2B /* PBXTargetDependency */ = {
			isa = PBXTargetDependency;
			target = F700057A2BC7897400E52C2B /* TipCalculatorTDD */;
			targetProxy = F70005972BC78E4600E52C2B /* PBXContainerItemProxy */;
		};
		F7D7C2842C3C9824006D2FCB /* PBXTargetDependency */ = {
			isa = PBXTargetDependency;
			target = F700057A2BC7897400E52C2B /* TipCalculatorTDD */;
			targetProxy = F7D7C2832C3C9824006D2FCB /* PBXContainerItemProxy */;
		};
/* End PBXTargetDependency section */

/* Begin XCBuildConfiguration section */
		F70005872BC7897700E52C2B /* Debug */ = {
			isa = XCBuildConfiguration;
			buildSettings = {
				ALWAYS_SEARCH_USER_PATHS = NO;
				ASSETCATALOG_COMPILER_GENERATE_SWIFT_ASSET_SYMBOL_EXTENSIONS = YES;
				CLANG_ANALYZER_NONNULL = YES;
				CLANG_ANALYZER_NUMBER_OBJECT_CONVERSION = YES_AGGRESSIVE;
				CLANG_CXX_LANGUAGE_STANDARD = "gnu++20";
				CLANG_ENABLE_MODULES = YES;
				CLANG_ENABLE_OBJC_ARC = YES;
				CLANG_ENABLE_OBJC_WEAK = YES;
				CLANG_WARN_BLOCK_CAPTURE_AUTORELEASING = YES;
				CLANG_WARN_BOOL_CONVERSION = YES;
				CLANG_WARN_COMMA = YES;
				CLANG_WARN_CONSTANT_CONVERSION = YES;
				CLANG_WARN_DEPRECATED_OBJC_IMPLEMENTATIONS = YES;
				CLANG_WARN_DIRECT_OBJC_ISA_USAGE = YES_ERROR;
				CLANG_WARN_DOCUMENTATION_COMMENTS = YES;
				CLANG_WARN_EMPTY_BODY = YES;
				CLANG_WARN_ENUM_CONVERSION = YES;
				CLANG_WARN_INFINITE_RECURSION = YES;
				CLANG_WARN_INT_CONVERSION = YES;
				CLANG_WARN_NON_LITERAL_NULL_CONVERSION = YES;
				CLANG_WARN_OBJC_IMPLICIT_RETAIN_SELF = YES;
				CLANG_WARN_OBJC_LITERAL_CONVERSION = YES;
				CLANG_WARN_OBJC_ROOT_CLASS = YES_ERROR;
				CLANG_WARN_QUOTED_INCLUDE_IN_FRAMEWORK_HEADER = YES;
				CLANG_WARN_RANGE_LOOP_ANALYSIS = YES;
				CLANG_WARN_STRICT_PROTOTYPES = YES;
				CLANG_WARN_SUSPICIOUS_MOVE = YES;
				CLANG_WARN_UNGUARDED_AVAILABILITY = YES_AGGRESSIVE;
				CLANG_WARN_UNREACHABLE_CODE = YES;
				CLANG_WARN__DUPLICATE_METHOD_MATCH = YES;
				COPY_PHASE_STRIP = NO;
				DEBUG_INFORMATION_FORMAT = dwarf;
				ENABLE_STRICT_OBJC_MSGSEND = YES;
				ENABLE_TESTABILITY = YES;
				ENABLE_USER_SCRIPT_SANDBOXING = YES;
				GCC_C_LANGUAGE_STANDARD = gnu17;
				GCC_DYNAMIC_NO_PIC = NO;
				GCC_NO_COMMON_BLOCKS = YES;
				GCC_OPTIMIZATION_LEVEL = 0;
				GCC_PREPROCESSOR_DEFINITIONS = (
					"DEBUG=1",
					"$(inherited)",
				);
				GCC_WARN_64_TO_32_BIT_CONVERSION = YES;
				GCC_WARN_ABOUT_RETURN_TYPE = YES_ERROR;
				GCC_WARN_UNDECLARED_SELECTOR = YES;
				GCC_WARN_UNINITIALIZED_AUTOS = YES_AGGRESSIVE;
				GCC_WARN_UNUSED_FUNCTION = YES;
				GCC_WARN_UNUSED_VARIABLE = YES;
				IPHONEOS_DEPLOYMENT_TARGET = 17.2;
				LOCALIZATION_PREFERS_STRING_CATALOGS = YES;
				MTL_ENABLE_DEBUG_INFO = INCLUDE_SOURCE;
				MTL_FAST_MATH = YES;
				ONLY_ACTIVE_ARCH = YES;
				SDKROOT = iphoneos;
				SWIFT_ACTIVE_COMPILATION_CONDITIONS = "DEBUG $(inherited)";
				SWIFT_OPTIMIZATION_LEVEL = "-Onone";
			};
			name = Debug;
		};
		F70005882BC7897700E52C2B /* Release */ = {
			isa = XCBuildConfiguration;
			buildSettings = {
				ALWAYS_SEARCH_USER_PATHS = NO;
				ASSETCATALOG_COMPILER_GENERATE_SWIFT_ASSET_SYMBOL_EXTENSIONS = YES;
				CLANG_ANALYZER_NONNULL = YES;
				CLANG_ANALYZER_NUMBER_OBJECT_CONVERSION = YES_AGGRESSIVE;
				CLANG_CXX_LANGUAGE_STANDARD = "gnu++20";
				CLANG_ENABLE_MODULES = YES;
				CLANG_ENABLE_OBJC_ARC = YES;
				CLANG_ENABLE_OBJC_WEAK = YES;
				CLANG_WARN_BLOCK_CAPTURE_AUTORELEASING = YES;
				CLANG_WARN_BOOL_CONVERSION = YES;
				CLANG_WARN_COMMA = YES;
				CLANG_WARN_CONSTANT_CONVERSION = YES;
				CLANG_WARN_DEPRECATED_OBJC_IMPLEMENTATIONS = YES;
				CLANG_WARN_DIRECT_OBJC_ISA_USAGE = YES_ERROR;
				CLANG_WARN_DOCUMENTATION_COMMENTS = YES;
				CLANG_WARN_EMPTY_BODY = YES;
				CLANG_WARN_ENUM_CONVERSION = YES;
				CLANG_WARN_INFINITE_RECURSION = YES;
				CLANG_WARN_INT_CONVERSION = YES;
				CLANG_WARN_NON_LITERAL_NULL_CONVERSION = YES;
				CLANG_WARN_OBJC_IMPLICIT_RETAIN_SELF = YES;
				CLANG_WARN_OBJC_LITERAL_CONVERSION = YES;
				CLANG_WARN_OBJC_ROOT_CLASS = YES_ERROR;
				CLANG_WARN_QUOTED_INCLUDE_IN_FRAMEWORK_HEADER = YES;
				CLANG_WARN_RANGE_LOOP_ANALYSIS = YES;
				CLANG_WARN_STRICT_PROTOTYPES = YES;
				CLANG_WARN_SUSPICIOUS_MOVE = YES;
				CLANG_WARN_UNGUARDED_AVAILABILITY = YES_AGGRESSIVE;
				CLANG_WARN_UNREACHABLE_CODE = YES;
				CLANG_WARN__DUPLICATE_METHOD_MATCH = YES;
				COPY_PHASE_STRIP = NO;
				DEBUG_INFORMATION_FORMAT = "dwarf-with-dsym";
				ENABLE_NS_ASSERTIONS = NO;
				ENABLE_STRICT_OBJC_MSGSEND = YES;
				ENABLE_USER_SCRIPT_SANDBOXING = YES;
				GCC_C_LANGUAGE_STANDARD = gnu17;
				GCC_NO_COMMON_BLOCKS = YES;
				GCC_WARN_64_TO_32_BIT_CONVERSION = YES;
				GCC_WARN_ABOUT_RETURN_TYPE = YES_ERROR;
				GCC_WARN_UNDECLARED_SELECTOR = YES;
				GCC_WARN_UNINITIALIZED_AUTOS = YES_AGGRESSIVE;
				GCC_WARN_UNUSED_FUNCTION = YES;
				GCC_WARN_UNUSED_VARIABLE = YES;
				IPHONEOS_DEPLOYMENT_TARGET = 17.2;
				LOCALIZATION_PREFERS_STRING_CATALOGS = YES;
				MTL_ENABLE_DEBUG_INFO = NO;
				MTL_FAST_MATH = YES;
				SDKROOT = iphoneos;
				SWIFT_COMPILATION_MODE = wholemodule;
				VALIDATE_PRODUCT = YES;
			};
			name = Release;
		};
		F700058A2BC7897700E52C2B /* Debug */ = {
			isa = XCBuildConfiguration;
			buildSettings = {
				ASSETCATALOG_COMPILER_APPICON_NAME = AppIcon;
				ASSETCATALOG_COMPILER_GLOBAL_ACCENT_COLOR_NAME = AccentColor;
				CODE_SIGN_STYLE = Automatic;
				CURRENT_PROJECT_VERSION = 1;
				DEVELOPMENT_ASSET_PATHS = "\"TipCalculatorTDD/Preview Content\"";
				DEVELOPMENT_TEAM = 6D9CKTK39V;
				ENABLE_PREVIEWS = YES;
				GENERATE_INFOPLIST_FILE = YES;
				INFOPLIST_KEY_UIApplicationSceneManifest_Generation = YES;
				INFOPLIST_KEY_UIApplicationSupportsIndirectInputEvents = YES;
				INFOPLIST_KEY_UILaunchScreen_Generation = YES;
				INFOPLIST_KEY_UISupportedInterfaceOrientations_iPad = "UIInterfaceOrientationPortrait UIInterfaceOrientationPortraitUpsideDown UIInterfaceOrientationLandscapeLeft UIInterfaceOrientationLandscapeRight";
				INFOPLIST_KEY_UISupportedInterfaceOrientations_iPhone = "UIInterfaceOrientationPortrait UIInterfaceOrientationLandscapeLeft UIInterfaceOrientationLandscapeRight";
				LD_RUNPATH_SEARCH_PATHS = (
					"$(inherited)",
					"@executable_path/Frameworks",
				);
				MARKETING_VERSION = 1.0;
				PRODUCT_BUNDLE_IDENTIFIER = trvl.TipCalculatorTDD;
				PRODUCT_NAME = "$(TARGET_NAME)";
				SWIFT_EMIT_LOC_STRINGS = YES;
				SWIFT_VERSION = 5.0;
				TARGETED_DEVICE_FAMILY = "1,2";
			};
			name = Debug;
		};
		F700058B2BC7897700E52C2B /* Release */ = {
			isa = XCBuildConfiguration;
			buildSettings = {
				ASSETCATALOG_COMPILER_APPICON_NAME = AppIcon;
				ASSETCATALOG_COMPILER_GLOBAL_ACCENT_COLOR_NAME = AccentColor;
				CODE_SIGN_STYLE = Automatic;
				CURRENT_PROJECT_VERSION = 1;
				DEVELOPMENT_ASSET_PATHS = "\"TipCalculatorTDD/Preview Content\"";
				DEVELOPMENT_TEAM = 6D9CKTK39V;
				ENABLE_PREVIEWS = YES;
				GENERATE_INFOPLIST_FILE = YES;
				INFOPLIST_KEY_UIApplicationSceneManifest_Generation = YES;
				INFOPLIST_KEY_UIApplicationSupportsIndirectInputEvents = YES;
				INFOPLIST_KEY_UILaunchScreen_Generation = YES;
				INFOPLIST_KEY_UISupportedInterfaceOrientations_iPad = "UIInterfaceOrientationPortrait UIInterfaceOrientationPortraitUpsideDown UIInterfaceOrientationLandscapeLeft UIInterfaceOrientationLandscapeRight";
				INFOPLIST_KEY_UISupportedInterfaceOrientations_iPhone = "UIInterfaceOrientationPortrait UIInterfaceOrientationLandscapeLeft UIInterfaceOrientationLandscapeRight";
				LD_RUNPATH_SEARCH_PATHS = (
					"$(inherited)",
					"@executable_path/Frameworks",
				);
				MARKETING_VERSION = 1.0;
				PRODUCT_BUNDLE_IDENTIFIER = trvl.TipCalculatorTDD;
				PRODUCT_NAME = "$(TARGET_NAME)";
				SWIFT_EMIT_LOC_STRINGS = YES;
				SWIFT_VERSION = 5.0;
				TARGETED_DEVICE_FAMILY = "1,2";
			};
			name = Release;
		};
		F700059A2BC78E4600E52C2B /* Debug */ = {
			isa = XCBuildConfiguration;
			buildSettings = {
				BUNDLE_LOADER = "$(TEST_HOST)";
				CODE_SIGN_STYLE = Automatic;
				CURRENT_PROJECT_VERSION = 1;
				DEVELOPMENT_TEAM = 6D9CKTK39V;
				GENERATE_INFOPLIST_FILE = YES;
				MARKETING_VERSION = 1.0;
				PRODUCT_BUNDLE_IDENTIFIER = trvl.TipCalculatorUnitTest;
				PRODUCT_NAME = "$(TARGET_NAME)";
				SWIFT_EMIT_LOC_STRINGS = NO;
				SWIFT_VERSION = 5.0;
				TARGETED_DEVICE_FAMILY = "1,2";
				TEST_HOST = "$(BUILT_PRODUCTS_DIR)/TipCalculatorTDD.app/$(BUNDLE_EXECUTABLE_FOLDER_PATH)/TipCalculatorTDD";
			};
			name = Debug;
		};
		F700059B2BC78E4600E52C2B /* Release */ = {
			isa = XCBuildConfiguration;
			buildSettings = {
				BUNDLE_LOADER = "$(TEST_HOST)";
				CODE_SIGN_STYLE = Automatic;
				CURRENT_PROJECT_VERSION = 1;
				DEVELOPMENT_TEAM = 6D9CKTK39V;
				GENERATE_INFOPLIST_FILE = YES;
				MARKETING_VERSION = 1.0;
				PRODUCT_BUNDLE_IDENTIFIER = trvl.TipCalculatorUnitTest;
				PRODUCT_NAME = "$(TARGET_NAME)";
				SWIFT_EMIT_LOC_STRINGS = NO;
				SWIFT_VERSION = 5.0;
				TARGETED_DEVICE_FAMILY = "1,2";
				TEST_HOST = "$(BUILT_PRODUCTS_DIR)/TipCalculatorTDD.app/$(BUNDLE_EXECUTABLE_FOLDER_PATH)/TipCalculatorTDD";
			};
			name = Release;
		};
		F7D7C2852C3C9824006D2FCB /* Debug */ = {
			isa = XCBuildConfiguration;
			buildSettings = {
				CODE_SIGN_STYLE = Automatic;
				CURRENT_PROJECT_VERSION = 1;
				DEVELOPMENT_TEAM = 6D9CKTK39V;
				GENERATE_INFOPLIST_FILE = YES;
				IPHONEOS_DEPLOYMENT_TARGET = 17.2;
				MARKETING_VERSION = 1.0;
				PRODUCT_BUNDLE_IDENTIFIER = trvl.TipCalculatorUITests;
				PRODUCT_NAME = "$(TARGET_NAME)";
				SWIFT_EMIT_LOC_STRINGS = NO;
				SWIFT_VERSION = 5.0;
				TARGETED_DEVICE_FAMILY = "1,2";
				TEST_TARGET_NAME = TipCalculatorTDD;
			};
			name = Debug;
		};
		F7D7C2862C3C9824006D2FCB /* Release */ = {
			isa = XCBuildConfiguration;
			buildSettings = {
				CODE_SIGN_STYLE = Automatic;
				CURRENT_PROJECT_VERSION = 1;
				DEVELOPMENT_TEAM = 6D9CKTK39V;
				GENERATE_INFOPLIST_FILE = YES;
				IPHONEOS_DEPLOYMENT_TARGET = 17.2;
				MARKETING_VERSION = 1.0;
				PRODUCT_BUNDLE_IDENTIFIER = trvl.TipCalculatorUITests;
				PRODUCT_NAME = "$(TARGET_NAME)";
				SWIFT_EMIT_LOC_STRINGS = NO;
				SWIFT_VERSION = 5.0;
				TARGETED_DEVICE_FAMILY = "1,2";
				TEST_TARGET_NAME = TipCalculatorTDD;
			};
			name = Release;
		};
/* End XCBuildConfiguration section */

/* Begin XCConfigurationList section */
		F70005762BC7897400E52C2B /* Build configuration list for PBXProject "TipCalculatorTDD" */ = {
			isa = XCConfigurationList;
			buildConfigurations = (
				F70005872BC7897700E52C2B /* Debug */,
				F70005882BC7897700E52C2B /* Release */,
			);
			defaultConfigurationIsVisible = 0;
			defaultConfigurationName = Release;
		};
		F70005892BC7897700E52C2B /* Build configuration list for PBXNativeTarget "TipCalculatorTDD" */ = {
			isa = XCConfigurationList;
			buildConfigurations = (
				F700058A2BC7897700E52C2B /* Debug */,
				F700058B2BC7897700E52C2B /* Release */,
			);
			defaultConfigurationIsVisible = 0;
			defaultConfigurationName = Release;
		};
		F70005992BC78E4600E52C2B /* Build configuration list for PBXNativeTarget "TipCalculatorUnitTest" */ = {
			isa = XCConfigurationList;
			buildConfigurations = (
				F700059A2BC78E4600E52C2B /* Debug */,
				F700059B2BC78E4600E52C2B /* Release */,
			);
			defaultConfigurationIsVisible = 0;
			defaultConfigurationName = Release;
		};
		F7D7C2872C3C9824006D2FCB /* Build configuration list for PBXNativeTarget "TipCalculatorUITests" */ = {
			isa = XCConfigurationList;
			buildConfigurations = (
				F7D7C2852C3C9824006D2FCB /* Debug */,
				F7D7C2862C3C9824006D2FCB /* Release */,
			);
			defaultConfigurationIsVisible = 0;
			defaultConfigurationName = Release;
		};
/* End XCConfigurationList section */
	};
	rootObject = F70005732BC7897400E52C2B /* Project object */;
}
